// !$*UTF8*$!
{
	archiveVersion = 1;
	classes = {
	};
	objectVersion = 46;
	objects = {

/* Begin PBXBuildFile section */
		6D902AE31D3755B400FAC9E9 /* main.m in Sources */ = {isa = PBXBuildFile; fileRef = 6D902AE21D3755B400FAC9E9 /* main.m */; };
		6D902AE61D3755B400FAC9E9 /* AppDelegate.m in Sources */ = {isa = PBXBuildFile; fileRef = 6D902AE51D3755B400FAC9E9 /* AppDelegate.m */; };
		6D902AE91D3755B500FAC9E9 /* ViewController.m in Sources */ = {isa = PBXBuildFile; fileRef = 6D902AE81D3755B500FAC9E9 /* ViewController.m */; };
		6D902AEC1D3755B500FAC9E9 /* Main.storyboard in Resources */ = {isa = PBXBuildFile; fileRef = 6D902AEA1D3755B500FAC9E9 /* Main.storyboard */; };
		6D902AEE1D3755B500FAC9E9 /* Assets.xcassets in Resources */ = {isa = PBXBuildFile; fileRef = 6D902AED1D3755B500FAC9E9 /* Assets.xcassets */; };
		6D902AF11D3755B500FAC9E9 /* LaunchScreen.storyboard in Resources */ = {isa = PBXBuildFile; fileRef = 6D902AEF1D3755B500FAC9E9 /* LaunchScreen.storyboard */; };
		6D902AFC1D3755B500FAC9E9 /* CodeTestTests.m in Sources */ = {isa = PBXBuildFile; fileRef = 6D902AFB1D3755B500FAC9E9 /* CodeTestTests.m */; };
		6D902B071D3755B500FAC9E9 /* CodeTestUITests.m in Sources */ = {isa = PBXBuildFile; fileRef = 6D902B061D3755B500FAC9E9 /* CodeTestUITests.m */; };
/* End PBXBuildFile section */

/* Begin PBXContainerItemProxy section */
		6D902AF81D3755B500FAC9E9 /* PBXContainerItemProxy */ = {
			isa = PBXContainerItemProxy;
			containerPortal = 6D902AD61D3755B400FAC9E9 /* Project object */;
			proxyType = 1;
			remoteGlobalIDString = 6D902ADD1D3755B400FAC9E9;
			remoteInfo = CodeTest;
		};
		6D902B031D3755B500FAC9E9 /* PBXContainerItemProxy */ = {
			isa = PBXContainerItemProxy;
			containerPortal = 6D902AD61D3755B400FAC9E9 /* Project object */;
			proxyType = 1;
			remoteGlobalIDString = 6D902ADD1D3755B400FAC9E9;
			remoteInfo = CodeTest;
		};
/* End PBXContainerItemProxy section */

/* Begin PBXFileReference section */
		6D902ADE1D3755B400FAC9E9 /* CodeTest.app */ = {isa = PBXFileReference; explicitFileType = wrapper.application; includeInIndex = 0; path = CodeTest.app; sourceTree = BUILT_PRODUCTS_DIR; };
		6D902AE21D3755B400FAC9E9 /* main.m */ = {isa = PBXFileReference; lastKnownFileType = sourcecode.c.objc; path = main.m; sourceTree = "<group>"; };
		6D902AE41D3755B400FAC9E9 /* AppDelegate.h */ = {isa = PBXFileReference; lastKnownFileType = sourcecode.c.h; path = AppDelegate.h; sourceTree = "<group>"; };
		6D902AE51D3755B400FAC9E9 /* AppDelegate.m */ = {isa = PBXFileReference; lastKnownFileType = sourcecode.c.objc; path = AppDelegate.m; sourceTree = "<group>"; };
		6D902AE71D3755B400FAC9E9 /* ViewController.h */ = {isa = PBXFileReference; lastKnownFileType = sourcecode.c.h; path = ViewController.h; sourceTree = "<group>"; };
		6D902AE81D3755B500FAC9E9 /* ViewController.m */ = {isa = PBXFileReference; lastKnownFileType = sourcecode.c.objc; path = ViewController.m; sourceTree = "<group>"; };
		6D902AEB1D3755B500FAC9E9 /* Base */ = {isa = PBXFileReference; lastKnownFileType = file.storyboard; name = Base; path = Base.lproj/Main.storyboard; sourceTree = "<group>"; };
		6D902AED1D3755B500FAC9E9 /* Assets.xcassets */ = {isa = PBXFileReference; lastKnownFileType = folder.assetcatalog; path = Assets.xcassets; sourceTree = "<group>"; };
		6D902AF01D3755B500FAC9E9 /* Base */ = {isa = PBXFileReference; lastKnownFileType = file.storyboard; name = Base; path = Base.lproj/LaunchScreen.storyboard; sourceTree = "<group>"; };
		6D902AF21D3755B500FAC9E9 /* Info.plist */ = {isa = PBXFileReference; lastKnownFileType = text.plist.xml; path = Info.plist; sourceTree = "<group>"; };
		6D902AF71D3755B500FAC9E9 /* CodeTestTests.xctest */ = {isa = PBXFileReference; explicitFileType = wrapper.cfbundle; includeInIndex = 0; path = CodeTestTests.xctest; sourceTree = BUILT_PRODUCTS_DIR; };
		6D902AFB1D3755B500FAC9E9 /* CodeTestTests.m */ = {isa = PBXFileReference; lastKnownFileType = sourcecode.c.objc; path = CodeTestTests.m; sourceTree = "<group>"; };
		6D902AFD1D3755B500FAC9E9 /* Info.plist */ = {isa = PBXFileReference; lastKnownFileType = text.plist.xml; path = Info.plist; sourceTree = "<group>"; };
		6D902B021D3755B500FAC9E9 /* CodeTestUITests.xctest */ = {isa = PBXFileReference; explicitFileType = wrapper.cfbundle; includeInIndex = 0; path = CodeTestUITests.xctest; sourceTree = BUILT_PRODUCTS_DIR; };
		6D902B061D3755B500FAC9E9 /* CodeTestUITests.m */ = {isa = PBXFileReference; lastKnownFileType = sourcecode.c.objc; path = CodeTestUITests.m; sourceTree = "<group>"; };
		6D902B081D3755B500FAC9E9 /* Info.plist */ = {isa = PBXFileReference; lastKnownFileType = text.plist.xml; path = Info.plist; sourceTree = "<group>"; };
/* End PBXFileReference section */

/* Begin PBXFrameworksBuildPhase section */
		6D902ADB1D3755B400FAC9E9 /* Frameworks */ = {
			isa = PBXFrameworksBuildPhase;
			buildActionMask = 2147483647;
			files = (
			);
			runOnlyForDeploymentPostprocessing = 0;
		};
		6D902AF41D3755B500FAC9E9 /* Frameworks */ = {
			isa = PBXFrameworksBuildPhase;
			buildActionMask = 2147483647;
			files = (
			);
			runOnlyForDeploymentPostprocessing = 0;
		};
		6D902AFF1D3755B500FAC9E9 /* Frameworks */ = {
			isa = PBXFrameworksBuildPhase;
			buildActionMask = 2147483647;
			files = (
			);
			runOnlyForDeploymentPostprocessing = 0;
		};
/* End PBXFrameworksBuildPhase section */

/* Begin PBXGroup section */
		6D902AD51D3755B400FAC9E9 = {
			isa = PBXGroup;
			children = (
				6D902AE01D3755B400FAC9E9 /* CodeTest */,
				6D902AFA1D3755B500FAC9E9 /* CodeTestTests */,
				6D902B051D3755B500FAC9E9 /* CodeTestUITests */,
				6D902ADF1D3755B400FAC9E9 /* Products */,
			);
			sourceTree = "<group>";
		};
		6D902ADF1D3755B400FAC9E9 /* Products */ = {
			isa = PBXGroup;
			children = (
				6D902ADE1D3755B400FAC9E9 /* CodeTest.app */,
				6D902AF71D3755B500FAC9E9 /* CodeTestTests.xctest */,
				6D902B021D3755B500FAC9E9 /* CodeTestUITests.xctest */,
			);
			name = Products;
			sourceTree = "<group>";
		};
		6D902AE01D3755B400FAC9E9 /* CodeTest */ = {
			isa = PBXGroup;
			children = (
				6D902AE41D3755B400FAC9E9 /* AppDelegate.h */,
				6D902AE51D3755B400FAC9E9 /* AppDelegate.m */,
				6D902AE71D3755B400FAC9E9 /* ViewController.h */,
				6D902AE81D3755B500FAC9E9 /* ViewController.m */,
				6D902AEA1D3755B500FAC9E9 /* Main.storyboard */,
				6D902AED1D3755B500FAC9E9 /* Assets.xcassets */,
				6D902AEF1D3755B500FAC9E9 /* LaunchScreen.storyboard */,
				6D902AF21D3755B500FAC9E9 /* Info.plist */,
				6D902AE11D3755B400FAC9E9 /* Supporting Files */,
			);
			path = CodeTest;
			sourceTree = "<group>";
		};
		6D902AE11D3755B400FAC9E9 /* Supporting Files */ = {
			isa = PBXGroup;
			children = (
				6D902AE21D3755B400FAC9E9 /* main.m */,
			);
			name = "Supporting Files";
			sourceTree = "<group>";
		};
		6D902AFA1D3755B500FAC9E9 /* CodeTestTests */ = {
			isa = PBXGroup;
			children = (
				6D902AFB1D3755B500FAC9E9 /* CodeTestTests.m */,
				6D902AFD1D3755B500FAC9E9 /* Info.plist */,
			);
			path = CodeTestTests;
			sourceTree = "<group>";
		};
		6D902B051D3755B500FAC9E9 /* CodeTestUITests */ = {
			isa = PBXGroup;
			children = (
				6D902B061D3755B500FAC9E9 /* CodeTestUITests.m */,
				6D902B081D3755B500FAC9E9 /* Info.plist */,
			);
			path = CodeTestUITests;
			sourceTree = "<group>";
		};
/* End PBXGroup section */

/* Begin PBXNativeTarget section */
		6D902ADD1D3755B400FAC9E9 /* CodeTest */ = {
			isa = PBXNativeTarget;
			buildConfigurationList = 6D902B0B1D3755B500FAC9E9 /* Build configuration list for PBXNativeTarget "CodeTest" */;
			buildPhases = (
				6D902ADA1D3755B400FAC9E9 /* Sources */,
				6D902ADB1D3755B400FAC9E9 /* Frameworks */,
				6D902ADC1D3755B400FAC9E9 /* Resources */,
			);
			buildRules = (
			);
			dependencies = (
			);
			name = CodeTest;
			productName = CodeTest;
			productReference = 6D902ADE1D3755B400FAC9E9 /* CodeTest.app */;
			productType = "com.apple.product-type.application";
		};
		6D902AF61D3755B500FAC9E9 /* CodeTestTests */ = {
			isa = PBXNativeTarget;
			buildConfigurationList = 6D902B0E1D3755B500FAC9E9 /* Build configuration list for PBXNativeTarget "CodeTestTests" */;
			buildPhases = (
				6D902AF31D3755B500FAC9E9 /* Sources */,
				6D902AF41D3755B500FAC9E9 /* Frameworks */,
				6D902AF51D3755B500FAC9E9 /* Resources */,
			);
			buildRules = (
			);
			dependencies = (
				6D902AF91D3755B500FAC9E9 /* PBXTargetDependency */,
			);
			name = CodeTestTests;
			productName = CodeTestTests;
			productReference = 6D902AF71D3755B500FAC9E9 /* CodeTestTests.xctest */;
			productType = "com.apple.product-type.bundle.unit-test";
		};
		6D902B011D3755B500FAC9E9 /* CodeTestUITests */ = {
			isa = PBXNativeTarget;
			buildConfigurationList = 6D902B111D3755B500FAC9E9 /* Build configuration list for PBXNativeTarget "CodeTestUITests" */;
			buildPhases = (
				6D902AFE1D3755B500FAC9E9 /* Sources */,
				6D902AFF1D3755B500FAC9E9 /* Frameworks */,
				6D902B001D3755B500FAC9E9 /* Resources */,
			);
			buildRules = (
			);
			dependencies = (
				6D902B041D3755B500FAC9E9 /* PBXTargetDependency */,
			);
			name = CodeTestUITests;
			productName = CodeTestUITests;
			productReference = 6D902B021D3755B500FAC9E9 /* CodeTestUITests.xctest */;
			productType = "com.apple.product-type.bundle.ui-testing";
		};
/* End PBXNativeTarget section */

/* Begin PBXProject section */
		6D902AD61D3755B400FAC9E9 /* Project object */ = {
			isa = PBXProject;
			attributes = {
				LastUpgradeCheck = 0730;
				ORGANIZATIONNAME = Wipro;
				TargetAttributes = {
					6D902ADD1D3755B400FAC9E9 = {
						CreatedOnToolsVersion = 7.3;
					};
					6D902AF61D3755B500FAC9E9 = {
						CreatedOnToolsVersion = 7.3;
						TestTargetID = 6D902ADD1D3755B400FAC9E9;
					};
					6D902B011D3755B500FAC9E9 = {
						CreatedOnToolsVersion = 7.3;
						TestTargetID = 6D902ADD1D3755B400FAC9E9;
					};
				};
			};
			buildConfigurationList = 6D902AD91D3755B400FAC9E9 /* Build configuration list for PBXProject "CodeTest" */;
			compatibilityVersion = "Xcode 3.2";
			developmentRegion = English;
			hasScannedForEncodings = 0;
			knownRegions = (
				en,
				Base,
			);
			mainGroup = 6D902AD51D3755B400FAC9E9;
			productRefGroup = 6D902ADF1D3755B400FAC9E9 /* Products */;
			projectDirPath = "";
			projectRoot = "";
			targets = (
				6D902ADD1D3755B400FAC9E9 /* CodeTest */,
				6D902AF61D3755B500FAC9E9 /* CodeTestTests */,
				6D902B011D3755B500FAC9E9 /* CodeTestUITests */,
			);
		};
/* End PBXProject section */

/* Begin PBXResourcesBuildPhase section */
		6D902ADC1D3755B400FAC9E9 /* Resources */ = {
			isa = PBXResourcesBuildPhase;
			buildActionMask = 2147483647;
			files = (
				6D902AF11D3755B500FAC9E9 /* LaunchScreen.storyboard in Resources */,
				6D902AEE1D3755B500FAC9E9 /* Assets.xcassets in Resources */,
				6D902AEC1D3755B500FAC9E9 /* Main.storyboard in Resources */,
			);
			runOnlyForDeploymentPostprocessing = 0;
		};
		6D902AF51D3755B500FAC9E9 /* Resources */ = {
			isa = PBXResourcesBuildPhase;
			buildActionMask = 2147483647;
			files = (
			);
			runOnlyForDeploymentPostprocessing = 0;
		};
		6D902B001D3755B500FAC9E9 /* Resources */ = {
			isa = PBXResourcesBuildPhase;
			buildActionMask = 2147483647;
			files = (
			);
			runOnlyForDeploymentPostprocessing = 0;
		};
/* End PBXResourcesBuildPhase section */

/* Begin PBXSourcesBuildPhase section */
		6D902ADA1D3755B400FAC9E9 /* Sources */ = {
			isa = PBXSourcesBuildPhase;
			buildActionMask = 2147483647;
			files = (
				6D902AE91D3755B500FAC9E9 /* ViewController.m in Sources */,
				6D902AE61D3755B400FAC9E9 /* AppDelegate.m in Sources */,
				6D902AE31D3755B400FAC9E9 /* main.m in Sources */,
			);
			runOnlyForDeploymentPostprocessing = 0;
		};
		6D902AF31D3755B500FAC9E9 /* Sources */ = {
			isa = PBXSourcesBuildPhase;
			buildActionMask = 2147483647;
			files = (
				6D902AFC1D3755B500FAC9E9 /* CodeTestTests.m in Sources */,
			);
			runOnlyForDeploymentPostprocessing = 0;
		};
		6D902AFE1D3755B500FAC9E9 /* Sources */ = {
			isa = PBXSourcesBuildPhase;
			buildActionMask = 2147483647;
			files = (
				6D902B071D3755B500FAC9E9 /* CodeTestUITests.m in Sources */,
			);
			runOnlyForDeploymentPostprocessing = 0;
		};
/* End PBXSourcesBuildPhase section */

/* Begin PBXTargetDependency section */
		6D902AF91D3755B500FAC9E9 /* PBXTargetDependency */ = {
			isa = PBXTargetDependency;
			target = 6D902ADD1D3755B400FAC9E9 /* CodeTest */;
			targetProxy = 6D902AF81D3755B500FAC9E9 /* PBXContainerItemProxy */;
		};
		6D902B041D3755B500FAC9E9 /* PBXTargetDependency */ = {
			isa = PBXTargetDependency;
			target = 6D902ADD1D3755B400FAC9E9 /* CodeTest */;
			targetProxy = 6D902B031D3755B500FAC9E9 /* PBXContainerItemProxy */;
		};
/* End PBXTargetDependency section */

/* Begin PBXVariantGroup section */
		6D902AEA1D3755B500FAC9E9 /* Main.storyboard */ = {
			isa = PBXVariantGroup;
			children = (
				6D902AEB1D3755B500FAC9E9 /* Base */,
			);
			name = Main.storyboard;
			sourceTree = "<group>";
		};
		6D902AEF1D3755B500FAC9E9 /* LaunchScreen.storyboard */ = {
			isa = PBXVariantGroup;
			children = (
				6D902AF01D3755B500FAC9E9 /* Base */,
			);
			name = LaunchScreen.storyboard;
			sourceTree = "<group>";
		};
/* End PBXVariantGroup section */

/* Begin XCBuildConfiguration section */
		6D902B091D3755B500FAC9E9 /* Debug */ = {
			isa = XCBuildConfiguration;
			buildSettings = {
				ALWAYS_SEARCH_USER_PATHS = NO;
				CLANG_ANALYZER_NONNULL = YES;
				CLANG_CXX_LANGUAGE_STANDARD = "gnu++0x";
				CLANG_CXX_LIBRARY = "libc++";
				CLANG_ENABLE_MODULES = YES;
				CLANG_ENABLE_OBJC_ARC = YES;
				CLANG_WARN_BOOL_CONVERSION = YES;
				CLANG_WARN_CONSTANT_CONVERSION = YES;
				CLANG_WARN_DIRECT_OBJC_ISA_USAGE = YES_ERROR;
				CLANG_WARN_EMPTY_BODY = YES;
				CLANG_WARN_ENUM_CONVERSION = YES;
				CLANG_WARN_INT_CONVERSION = YES;
				CLANG_WARN_OBJC_ROOT_CLASS = YES_ERROR;
				CLANG_WARN_UNREACHABLE_CODE = YES;
				CLANG_WARN__DUPLICATE_METHOD_MATCH = YES;
				"CODE_SIGN_IDENTITY[sdk=iphoneos*]" = "iPhone Developer";
				COPY_PHASE_STRIP = NO;
				DEBUG_INFORMATION_FORMAT = dwarf;
				ENABLE_STRICT_OBJC_MSGSEND = YES;
				ENABLE_TESTABILITY = YES;
				GCC_C_LANGUAGE_STANDARD = gnu99;
				GCC_DYNAMIC_NO_PIC = NO;
				GCC_NO_COMMON_BLOCKS = YES;
				GCC_OPTIMIZATION_LEVEL = 0;
				GCC_PREPROCESSOR_DEFINITIONS = (
					"DEBUG=1",
					"$(inherited)",
				);
				GCC_WARN_64_TO_32_BIT_CONVERSION = YES;
				GCC_WARN_ABOUT_RETURN_TYPE = YES_ERROR;
				GCC_WARN_UNDECLARED_SELECTOR = YES;
				GCC_WARN_UNINITIALIZED_AUTOS = YES_AGGRESSIVE;
				GCC_WARN_UNUSED_FUNCTION = YES;
				GCC_WARN_UNUSED_VARIABLE = YES;
				IPHONEOS_DEPLOYMENT_TARGET = 9.3;
				MTL_ENABLE_DEBUG_INFO = YES;
				ONLY_ACTIVE_ARCH = YES;
				SDKROOT = iphoneos;
			};
			name = Debug;
		};
		6D902B0A1D3755B500FAC9E9 /* Release */ = {
			isa = XCBuildConfiguration;
			buildSettings = {
				ALWAYS_SEARCH_USER_PATHS = NO;
				CLANG_ANALYZER_NONNULL = YES;
				CLANG_CXX_LANGUAGE_STANDARD = "gnu++0x";
				CLANG_CXX_LIBRARY = "libc++";
				CLANG_ENABLE_MODULES = YES;
				CLANG_ENABLE_OBJC_ARC = YES;
				CLANG_WARN_BOOL_CONVERSION = YES;
				CLANG_WARN_CONSTANT_CONVERSION = YES;
				CLANG_WARN_DIRECT_OBJC_ISA_USAGE = YES_ERROR;
				CLANG_WARN_EMPTY_BODY = YES;
				CLANG_WARN_ENUM_CONVERSION = YES;
				CLANG_WARN_INT_CONVERSION = YES;
				CLANG_WARN_OBJC_ROOT_CLASS = YES_ERROR;
				CLANG_WARN_UNREACHABLE_CODE = YES;
				CLANG_WARN__DUPLICATE_METHOD_MATCH = YES;
				"CODE_SIGN_IDENTITY[sdk=iphoneos*]" = "iPhone Developer";
				COPY_PHASE_STRIP = NO;
				DEBUG_INFORMATION_FORMAT = "dwarf-with-dsym";
				ENABLE_NS_ASSERTIONS = NO;
				ENABLE_STRICT_OBJC_MSGSEND = YES;
				GCC_C_LANGUAGE_STANDARD = gnu99;
				GCC_NO_COMMON_BLOCKS = YES;
				GCC_WARN_64_TO_32_BIT_CONVERSION = YES;
				GCC_WARN_ABOUT_RETURN_TYPE = YES_ERROR;
				GCC_WARN_UNDECLARED_SELECTOR = YES;
				GCC_WARN_UNINITIALIZED_AUTOS = YES_AGGRESSIVE;
				GCC_WARN_UNUSED_FUNCTION = YES;
				GCC_WARN_UNUSED_VARIABLE = YES;
				IPHONEOS_DEPLOYMENT_TARGET = 9.3;
				MTL_ENABLE_DEBUG_INFO = NO;
				SDKROOT = iphoneos;
				VALIDATE_PRODUCT = YES;
			};
			name = Release;
		};
		6D902B0C1D3755B500FAC9E9 /* Debug */ = {
			isa = XCBuildConfiguration;
			buildSettings = {
				ASSETCATALOG_COMPILER_APPICON_NAME = AppIcon;
				INFOPLIST_FILE = CodeTest/Info.plist;
				LD_RUNPATH_SEARCH_PATHS = "$(inherited) @executable_path/Frameworks";
				PRODUCT_BUNDLE_IDENTIFIER = com.wipro.CodeTest;
				PRODUCT_NAME = "$(TARGET_NAME)";
			};
			name = Debug;
		};
		6D902B0D1D3755B500FAC9E9 /* Release */ = {
			isa = XCBuildConfiguration;
			buildSettings = {
				ASSETCATALOG_COMPILER_APPICON_NAME = AppIcon;
				INFOPLIST_FILE = CodeTest/Info.plist;
				LD_RUNPATH_SEARCH_PATHS = "$(inherited) @executable_path/Frameworks";
				PRODUCT_BUNDLE_IDENTIFIER = com.wipro.CodeTest;
				PRODUCT_NAME = "$(TARGET_NAME)";
			};
			name = Release;
		};
		6D902B0F1D3755B500FAC9E9 /* Debug */ = {
			isa = XCBuildConfiguration;
			buildSettings = {
				BUNDLE_LOADER = "$(TEST_HOST)";
				INFOPLIST_FILE = CodeTestTests/Info.plist;
				LD_RUNPATH_SEARCH_PATHS = "$(inherited) @executable_path/Frameworks @loader_path/Frameworks";
				PRODUCT_BUNDLE_IDENTIFIER = com.wipro.CodeTestTests;
				PRODUCT_NAME = "$(TARGET_NAME)";
				TEST_HOST = "$(BUILT_PRODUCTS_DIR)/CodeTest.app/CodeTest";
			};
			name = Debug;
		};
		6D902B101D3755B500FAC9E9 /* Release */ = {
			isa = XCBuildConfiguration;
			buildSettings = {
				BUNDLE_LOADER = "$(TEST_HOST)";
				INFOPLIST_FILE = CodeTestTests/Info.plist;
				LD_RUNPATH_SEARCH_PATHS = "$(inherited) @executable_path/Frameworks @loader_path/Frameworks";
				PRODUCT_BUNDLE_IDENTIFIER = com.wipro.CodeTestTests;
				PRODUCT_NAME = "$(TARGET_NAME)";
				TEST_HOST = "$(BUILT_PRODUCTS_DIR)/CodeTest.app/CodeTest";
			};
			name = Release;
		};
		6D902B121D3755B500FAC9E9 /* Debug */ = {
			isa = XCBuildConfiguration;
			buildSettings = {
				INFOPLIST_FILE = CodeTestUITests/Info.plist;
				LD_RUNPATH_SEARCH_PATHS = "$(inherited) @executable_path/Frameworks @loader_path/Frameworks";
				PRODUCT_BUNDLE_IDENTIFIER = com.wipro.CodeTestUITests;
				PRODUCT_NAME = "$(TARGET_NAME)";
				TEST_TARGET_NAME = CodeTest;
			};
			name = Debug;
		};
		6D902B131D3755B500FAC9E9 /* Release */ = {
			isa = XCBuildConfiguration;
			buildSettings = {
				INFOPLIST_FILE = CodeTestUITests/Info.plist;
				LD_RUNPATH_SEARCH_PATHS = "$(inherited) @executable_path/Frameworks @loader_path/Frameworks";
				PRODUCT_BUNDLE_IDENTIFIER = com.wipro.CodeTestUITests;
				PRODUCT_NAME = "$(TARGET_NAME)";
				TEST_TARGET_NAME = CodeTest;
			};
			name = Release;
		};
/* End XCBuildConfiguration section */

/* Begin XCConfigurationList section */
		6D902AD91D3755B400FAC9E9 /* Build configuration list for PBXProject "CodeTest" */ = {
			isa = XCConfigurationList;
			buildConfigurations = (
				6D902B091D3755B500FAC9E9 /* Debug */,
				6D902B0A1D3755B500FAC9E9 /* Release */,
			);
			defaultConfigurationIsVisible = 0;
			defaultConfigurationName = Release;
		};
		6D902B0B1D3755B500FAC9E9 /* Build configuration list for PBXNativeTarget "CodeTest" */ = {
			isa = XCConfigurationList;
			buildConfigurations = (
				6D902B0C1D3755B500FAC9E9 /* Debug */,
				6D902B0D1D3755B500FAC9E9 /* Release */,
			);
			defaultConfigurationIsVisible = 0;
		};
		6D902B0E1D3755B500FAC9E9 /* Build configuration list for PBXNativeTarget "CodeTestTests" */ = {
			isa = XCConfigurationList;
			buildConfigurations = (
				6D902B0F1D3755B500FAC9E9 /* Debug */,
				6D902B101D3755B500FAC9E9 /* Release */,
			);
			defaultConfigurationIsVisible = 0;
		};
		6D902B111D3755B500FAC9E9 /* Build configuration list for PBXNativeTarget "CodeTestUITests" */ = {
			isa = XCConfigurationList;
			buildConfigurations = (
				6D902B121D3755B500FAC9E9 /* Debug */,
				6D902B131D3755B500FAC9E9 /* Release */,
			);
			defaultConfigurationIsVisible = 0;
		};
/* End XCConfigurationList section */
	};
	rootObject = 6D902AD61D3755B400FAC9E9 /* Project object */;
}
